{
  "name": "siq-web",
  "version": "0.1.0",
  "lockfileVersion": 3,
  "requires": true,
  "packages": {
    "": {
      "name": "siq-web",
      "version": "0.1.0",
      "private": true,
      "scripts": {
        "typecheck": "tsc -p tsconfig.app.json --noEmit",
        "build": "tsc -p tsconfig.app.json && vite build"
      },
      "devDependencies": {
        "typescript": "file:local-packages/typescript",
        "vite": "file:local-packages/vite"
      }
    },
    "local-packages/typescript": {
      "name": "typescript",
      "version": "0.0.0-local",
      "bin": {
        "tsc": "bin/tsc.mjs"
      }
    },
    "local-packages/vite": {
      "name": "vite",
      "version": "0.0.0-local",
      "bin": {
        "vite": "bin/vite.mjs"
      }
    },
    "node_modules/typescript": {
      "resolved": "local-packages/typescript",
      "link": true
    },
    "node_modules/vite": {
      "resolved": "local-packages/vite",
      "link": true
    }
  },
  "dependencies": {
    "typescript": {
      "version": "file:local-packages/typescript",
      "dev": true
    },
    "vite": {
      "version": "file:local-packages/vite",
      "dev": true
    }
  }
}
